
Microsoft Visual Studio Solution File, Format Version 12.00
# Visual Studio 14
VisualStudioVersion = 14.0.25420.1
MinimumVisualStudioVersion = 10.0.40219.1
Project("{8BC9CEB8-8B4A-11D0-8D11-00A0C91BC942}") = "nms_mh", "nms_mh\nms_mh.vcxproj", "{E6530743-C4C0-4B10-A1B3-549F670F7F8A}"
EndProject
Project("{8BC9CEB8-8B4A-11D0-8D11-00A0C91BC942}") = "roi_pooling_mh", "roi_pooling_mh\roi_pooling_mh.vcxproj", "{62276805-49A2-440E-A7AA-47F777735D58}"
EndProject
Global
	GlobalSection(SolutionConfigurationPlatforms) = preSolution
		Debug|x64 = Debug|x64
		Debug|x86 = Debug|x86
		Release|x64 = Release|x64
		Release|x86 = Release|x86
	EndGlobalSection
	GlobalSection(ProjectConfigurationPlatforms) = postSolution
		{E6530743-C4C0-4B10-A1B3-549F670F7F8A}.Debug|x64.ActiveCfg = Debug|x64
		{E6530743-C4C0-4B10-A1B3-549F670F7F8A}.Debug|x64.Build.0 = Debug|x64
		{E6530743-C4C0-4B10-A1B3-549F670F7F8A}.Debug|x86.ActiveCfg = Debug|Win32
		{E6530743-C4C0-4B10-A1B3-549F670F7F8A}.Debug|x86.Build.0 = Debug|Win32
		{E6530743-C4C0-4B10-A1B3-549F670F7F8A}.Release|x64.ActiveCfg = Release|x64
		{E6530743-C4C0-4B10-A1B3-549F670F7F8A}.Release|x64.Build.0 = Release|x64
		{E6530743-C4C0-4B10-A1B3-549F670F7F8A}.Release|x86.ActiveCfg = Release|Win32
		{E6530743-C4C0-4B10-A1B3-549F670F7F8A}.Release|x86.Build.0 = Release|Win32
		{62276805-49A2-440E-A7AA-47F777735D58}.Debug|x64.ActiveCfg = Debug|x64
		{62276805-49A2-440E-A7AA-47F777735D58}.Debug|x64.Build.0 = Debug|x64
		{62276805-49A2-440E-A7AA-47F777735D58}.Debug|x86.ActiveCfg = Debug|Win32
		{62276805-49A2-440E-A7AA-47F777735D58}.Debug|x86.Build.0 = Debug|Win32
		{62276805-49A2-440E-A7AA-47F777735D58}.Release|x64.ActiveCfg = Release|x64
		{62276805-49A2-440E-A7AA-47F777735D58}.Release|x64.Build.0 = Release|x64
		{62276805-49A2-440E-A7AA-47F777735D58}.Release|x86.ActiveCfg = Release|Win32
		{62276805-49A2-440E-A7AA-47F777735D58}.Release|x86.Build.0 = Release|Win32
	EndGlobalSection
	GlobalSection(SolutionProperties) = preSolution
		HideSolutionNode = FALSE
	EndGlobalSection
EndGlobal
